SITE
  remote: http://community.opscode.com/api/v1
  specs:
    7-zip (1.0.2)
      windows (>= 1.2.2)
    apt (2.6.0)
    ark (0.9.0)
      7-zip (>= 0.0.0)
      windows (>= 0.0.0)
    build-essential (2.1.2)
    chef_gem (0.1.0)
    chef_handler (1.1.6)
    elasticsearch (0.3.10)
      ark (>= 0.2.4)
    imagemagick (0.2.3)
    java (1.28.0)
    locale (1.0.2)
    memcached (1.7.2)
      runit (~> 1.0)
      yum (~> 3.0)
      yum-epel (>= 0.0.0)
    runit (1.5.10)
      build-essential (>= 0.0.0)
      yum (~> 3.0)
      yum-epel (>= 0.0.0)
    windows (1.34.8)
      chef_handler (>= 0.0.0)
    yum (3.4.1)
    yum-epel (0.5.2)
      yum (~> 3.0)

GIT
  remote: https://github.com/bmhatfield/chef-ulimit
  ref: master
  sha: a049579196154ab938951cc1ba92221838d4c55f
  specs:
    ulimit (0.3.3)

GIT
  remote: https://github.com/brianbianco/redisio
  ref: master
  sha: b1707226879de5560de650c2ddce780297fe35d7
  specs:
    redisio (2.2.4)
      build-essential (>= 0.0.0)
      ulimit (>= 0.1.2)

GIT
  remote: https://github.com/fnichol/chef-git
  ref: master
  sha: 6c19cbefcdad5ec0f62a64dae1f656d660698ea3
  specs:
    git (0.9.0)
      runit (>= 0.0.0)

GIT
  remote: https://github.com/fnichol/chef-rvm
  ref: master
  sha: 8a877e9b497f8fb06dfe6f5975561331b3924243
  specs:
    rvm (0.10.1)
      chef_gem (>= 0.0.0)

GIT
  remote: https://github.com/phlipper/chef-curl
  ref: master
  sha: d1f6690319eb4e5278af0060eb053937541d8d90
  specs:
    curl (1.0.0)

GIT
  remote: https://github.com/phlipper/chef-postgresql
  ref: 0.14.1
  sha: 17705405a77b2d35c829cceaf99d14534d9c5706
  specs:
    postgresql (0.14.1)
      apt (>= 1.9.0)

GIT
  remote: https://github.com/substantial/cookbook-firefox
  ref: master
  sha: 09d74e7610baf72e57b538a9053e10344920e4ce
  specs:
    firefox (0.0.4)

GIT
  remote: https://github.com/u2i/chef-xvfb
  ref: master
  sha: fb4ff5119d600edc0480134ff07b7641a20f87b7
  specs:
    xvfb (0.0.1)

DEPENDENCIES
  apt (>= 0)
  build-essential (>= 0)
  curl (>= 0)
  elasticsearch (>= 0)
  firefox (>= 0)
  git (>= 0)
  imagemagick (>= 0)
  java (>= 0)
  locale (>= 0)
  memcached (>= 0)
  postgresql (>= 0)
  redisio (>= 0)
  rvm (>= 0)
  ulimit (>= 0)
  xvfb (>= 0)

